
Microsoft Visual Studio Solution File, Format Version 12.00
# Visual Studio 14
VisualStudioVersion = 14.0.23107.0
MinimumVisualStudioVersion = 10.0.40219.1
Project("{FAE04EC0-301F-11D3-BF4B-00C04F79EFBC}") = "FilesExplorer", "FilesExplorer\FilesExplorer.csproj", "{1D2D0F92-6EEE-4D99-9795-1F218FEB7A77}"
EndProject
Project("{FAE04EC0-301F-11D3-BF4B-00C04F79EFBC}") = "FilesExplorer.Tests", "FilesExplorer.Tests\FilesExplorer.Tests.csproj", "{C97EB747-15D9-4DBD-B5E3-08371BBA27B7}"
EndProject
Project("{FAE04EC0-301F-11D3-BF4B-00C04F79EFBC}") = "Client", "Client\Client.csproj", "{08C376E8-3B40-4F44-9083-1028DED82254}"
EndProject
Project("{FAE04EC0-301F-11D3-BF4B-00C04F79EFBC}") = "Client.Tests", "Client.Tests\Client.Tests.csproj", "{C8A141F7-CC73-44EA-BA69-0484F95DB221}"
EndProject
Global
	GlobalSection(SolutionConfigurationPlatforms) = preSolution
		Debug|Any CPU = Debug|Any CPU
		Release|Any CPU = Release|Any CPU
	EndGlobalSection
	GlobalSection(ProjectConfigurationPlatforms) = postSolution
		{1D2D0F92-6EEE-4D99-9795-1F218FEB7A77}.Debug|Any CPU.ActiveCfg = Debug|Any CPU
		{1D2D0F92-6EEE-4D99-9795-1F218FEB7A77}.Debug|Any CPU.Build.0 = Debug|Any CPU
		{1D2D0F92-6EEE-4D99-9795-1F218FEB7A77}.Release|Any CPU.ActiveCfg = Release|Any CPU
		{1D2D0F92-6EEE-4D99-9795-1F218FEB7A77}.Release|Any CPU.Build.0 = Release|Any CPU
		{C97EB747-15D9-4DBD-B5E3-08371BBA27B7}.Debug|Any CPU.ActiveCfg = Debug|Any CPU
		{C97EB747-15D9-4DBD-B5E3-08371BBA27B7}.Debug|Any CPU.Build.0 = Debug|Any CPU
		{C97EB747-15D9-4DBD-B5E3-08371BBA27B7}.Release|Any CPU.ActiveCfg = Release|Any CPU
		{C97EB747-15D9-4DBD-B5E3-08371BBA27B7}.Release|Any CPU.Build.0 = Release|Any CPU
		{08C376E8-3B40-4F44-9083-1028DED82254}.Debug|Any CPU.ActiveCfg = Debug|Any CPU
		{08C376E8-3B40-4F44-9083-1028DED82254}.Debug|Any CPU.Build.0 = Debug|Any CPU
		{08C376E8-3B40-4F44-9083-1028DED82254}.Release|Any CPU.ActiveCfg = Release|Any CPU
		{08C376E8-3B40-4F44-9083-1028DED82254}.Release|Any CPU.Build.0 = Release|Any CPU
		{C8A141F7-CC73-44EA-BA69-0484F95DB221}.Debug|Any CPU.ActiveCfg = Debug|Any CPU
		{C8A141F7-CC73-44EA-BA69-0484F95DB221}.Debug|Any CPU.Build.0 = Debug|Any CPU
		{C8A141F7-CC73-44EA-BA69-0484F95DB221}.Release|Any CPU.ActiveCfg = Release|Any CPU
		{C8A141F7-CC73-44EA-BA69-0484F95DB221}.Release|Any CPU.Build.0 = Release|Any CPU
	EndGlobalSection
	GlobalSection(SolutionProperties) = preSolution
		HideSolutionNode = FALSE
	EndGlobalSection
EndGlobal
